
Microsoft Visual Studio Solution File, Format Version 10.00
# Visual Studio 2008
Project("{FAE04EC0-301F-11D3-BF4B-00C04F79EFBC}") = "LiquidCore1.0", "LiquidCore1.0.csproj", "{4D7E1A5F-5CFB-44B8-81FD-D5364B21466B}"
EndProject
Project("{FAE04EC0-301F-11D3-BF4B-00C04F79EFBC}") = "LiquidCoreTest", "..\LiquidCoreTest\LiquidCoreTest.csproj", "{23D5520F-5DF4-44FD-A463-1C648BEB789F}"
EndProject
Project("{E24C65DC-7377-472B-9ABA-BC803B73C61A}") = "RonnebyBrunn", "http://localhost/RonnebyBrunn", "{25AE4594-A8EE-4ED2-A703-722D107837BA}"
	ProjectSection(WebsiteProperties) = preProject
		TargetFramework = "3.5"
		Debug.AspNetCompiler.VirtualPath = "/RonnebyBrunn"
		Debug.AspNetCompiler.PhysicalPath = "..\..\..\..\RonnebyBrunn\"
		Debug.AspNetCompiler.TargetPath = "PrecompiledWeb\RonnebyBrunn\"
		Debug.AspNetCompiler.Updateable = "true"
		Debug.AspNetCompiler.ForceOverwrite = "true"
		Debug.AspNetCompiler.FixedNames = "false"
		Debug.AspNetCompiler.Debug = "True"
		Release.AspNetCompiler.VirtualPath = "/RonnebyBrunn"
		Release.AspNetCompiler.PhysicalPath = "..\..\..\..\RonnebyBrunn\"
		Release.AspNetCompiler.TargetPath = "PrecompiledWeb\RonnebyBrunn\"
		Release.AspNetCompiler.Updateable = "true"
		Release.AspNetCompiler.ForceOverwrite = "true"
		Release.AspNetCompiler.FixedNames = "false"
		Release.AspNetCompiler.Debug = "False"
		SlnRelativePath = "..\..\..\..\RonnebyBrunn\"
	EndProjectSection
EndProject
Global
	GlobalSection(SolutionConfigurationPlatforms) = preSolution
		Debug|.NET = Debug|.NET
		Debug|Any CPU = Debug|Any CPU
		Debug|Mixed Platforms = Debug|Mixed Platforms
		Release|.NET = Release|.NET
		Release|Any CPU = Release|Any CPU
		Release|Mixed Platforms = Release|Mixed Platforms
	EndGlobalSection
	GlobalSection(ProjectConfigurationPlatforms) = postSolution
		{4D7E1A5F-5CFB-44B8-81FD-D5364B21466B}.Debug|.NET.ActiveCfg = Debug|Any CPU
		{4D7E1A5F-5CFB-44B8-81FD-D5364B21466B}.Debug|Any CPU.ActiveCfg = Debug|Any CPU
		{4D7E1A5F-5CFB-44B8-81FD-D5364B21466B}.Debug|Any CPU.Build.0 = Debug|Any CPU
		{4D7E1A5F-5CFB-44B8-81FD-D5364B21466B}.Debug|Mixed Platforms.ActiveCfg = Debug|Any CPU
		{4D7E1A5F-5CFB-44B8-81FD-D5364B21466B}.Debug|Mixed Platforms.Build.0 = Debug|Any CPU
		{4D7E1A5F-5CFB-44B8-81FD-D5364B21466B}.Release|.NET.ActiveCfg = Release|Any CPU
		{4D7E1A5F-5CFB-44B8-81FD-D5364B21466B}.Release|Any CPU.ActiveCfg = Release|Any CPU
		{4D7E1A5F-5CFB-44B8-81FD-D5364B21466B}.Release|Any CPU.Build.0 = Release|Any CPU
		{4D7E1A5F-5CFB-44B8-81FD-D5364B21466B}.Release|Mixed Platforms.ActiveCfg = Release|Any CPU
		{4D7E1A5F-5CFB-44B8-81FD-D5364B21466B}.Release|Mixed Platforms.Build.0 = Release|Any CPU
		{23D5520F-5DF4-44FD-A463-1C648BEB789F}.Debug|.NET.ActiveCfg = Debug|Any CPU
		{23D5520F-5DF4-44FD-A463-1C648BEB789F}.Debug|Any CPU.ActiveCfg = Debug|Any CPU
		{23D5520F-5DF4-44FD-A463-1C648BEB789F}.Debug|Any CPU.Build.0 = Debug|Any CPU
		{23D5520F-5DF4-44FD-A463-1C648BEB789F}.Debug|Mixed Platforms.ActiveCfg = Debug|Any CPU
		{23D5520F-5DF4-44FD-A463-1C648BEB789F}.Debug|Mixed Platforms.Build.0 = Debug|Any CPU
		{23D5520F-5DF4-44FD-A463-1C648BEB789F}.Release|.NET.ActiveCfg = Release|Any CPU
		{23D5520F-5DF4-44FD-A463-1C648BEB789F}.Release|Any CPU.ActiveCfg = Release|Any CPU
		{23D5520F-5DF4-44FD-A463-1C648BEB789F}.Release|Any CPU.Build.0 = Release|Any CPU
		{23D5520F-5DF4-44FD-A463-1C648BEB789F}.Release|Mixed Platforms.ActiveCfg = Release|Any CPU
		{23D5520F-5DF4-44FD-A463-1C648BEB789F}.Release|Mixed Platforms.Build.0 = Release|Any CPU
		{25AE4594-A8EE-4ED2-A703-722D107837BA}.Debug|.NET.ActiveCfg = Debug|.NET
		{25AE4594-A8EE-4ED2-A703-722D107837BA}.Debug|.NET.Build.0 = Debug|.NET
		{25AE4594-A8EE-4ED2-A703-722D107837BA}.Debug|Any CPU.ActiveCfg = Debug|.NET
		{25AE4594-A8EE-4ED2-A703-722D107837BA}.Debug|Mixed Platforms.ActiveCfg = Debug|.NET
		{25AE4594-A8EE-4ED2-A703-722D107837BA}.Debug|Mixed Platforms.Build.0 = Debug|.NET
		{25AE4594-A8EE-4ED2-A703-722D107837BA}.Release|.NET.ActiveCfg = Debug|.NET
		{25AE4594-A8EE-4ED2-A703-722D107837BA}.Release|.NET.Build.0 = Debug|.NET
		{25AE4594-A8EE-4ED2-A703-722D107837BA}.Release|Any CPU.ActiveCfg = Debug|.NET
		{25AE4594-A8EE-4ED2-A703-722D107837BA}.Release|Mixed Platforms.ActiveCfg = Debug|.NET
		{25AE4594-A8EE-4ED2-A703-722D107837BA}.Release|Mixed Platforms.Build.0 = Debug|.NET
	EndGlobalSection
	GlobalSection(SolutionProperties) = preSolution
		HideSolutionNode = FALSE
	EndGlobalSection
EndGlobal
